
Microsoft Visual Studio Solution File, Format Version 12.00
# Visual Studio 15
VisualStudioVersion = 15.0.28307.329
MinimumVisualStudioVersion = 10.0.40219.1
Project("{FAE04EC0-301F-11D3-BF4B-00C04F79EFBC}") = "PapirKamenŠkarje", "PapirKamenŠkarje\PapirKamenŠkarje.csproj", "{5D4BB2ED-1122-4731-90B8-3B9D86590B4D}"
EndProject
Global
	GlobalSection(SolutionConfigurationPlatforms) = preSolution
		Debug|Any CPU = Debug|Any CPU
		Release|Any CPU = Release|Any CPU
	EndGlobalSection
	GlobalSection(ProjectConfigurationPlatforms) = postSolution
		{5D4BB2ED-1122-4731-90B8-3B9D86590B4D}.Debug|Any CPU.ActiveCfg = Debug|Any CPU
		{5D4BB2ED-1122-4731-90B8-3B9D86590B4D}.Debug|Any CPU.Build.0 = Debug|Any CPU
		{5D4BB2ED-1122-4731-90B8-3B9D86590B4D}.Release|Any CPU.ActiveCfg = Release|Any CPU
		{5D4BB2ED-1122-4731-90B8-3B9D86590B4D}.Release|Any CPU.Build.0 = Release|Any CPU
	EndGlobalSection
	GlobalSection(SolutionProperties) = preSolution
		HideSolutionNode = FALSE
	EndGlobalSection
	GlobalSection(ExtensibilityGlobals) = postSolution
		SolutionGuid = {CFC66A9F-AA7F-4591-8F11-9573CA45C824}
	EndGlobalSection
EndGlobal
